<?xml version="1.0" encoding="utf-8"?>
<Project ToolsVersion="4.0" xmlns="http://schemas.microsoft.com/developer/msbuild/2003">
  <ItemGroup>
    <ClCompile Include="main.c" />
    <ClCompile Include="helpers.c" />
    <ClCompile Include="tests\utilities.c">
      <Filter>tests</Filter>
    </ClCompile>
    <ClCompile Include="tests\vector2.c">
      <Filter>tests</Filter>
    </ClCompile>
    <ClCompile Include="tests\vector3.c">
      <Filter>tests</Filter>
    </ClCompile>
    <ClCompile Include="tests\versor.c">
      <Filter>tests</Filter>
    </ClCompile>
    <ClCompile Include="tests\utilities\is_zero.c">
      <Filter>tests\utilities</Filter>
    </ClCompile>
    <ClCompile Include="tests\utilities\is_unit.c">
      <Filter>tests\utilities</Filter>
    </ClCompile>
    <ClCompile Include="tests\utilities\are_close.c">
      <Filter>tests\utilities</Filter>
    </ClCompile>
    <ClCompile Include="tests\versor\versor_are_close.c">
      <Filter>tests\versor</Filter>
    </ClCompile>
    <ClCompile Include="tests\versor\versor_set_values.c">
      <Filter>tests\versor</Filter>
    </ClCompile>
    <ClCompile Include="tests\versor\versor_combine.c">
      <Filter>tests\versor</Filter>
    </ClCompile>
    <ClCompile Include="tests\versor\versor_reset.c">
      <Filter>tests\versor</Filter>
    </ClCompile>
    <ClCompile Include="tests\vector2\vector2_reset.c">
      <Filter>tests\vector2</Filter>
    </ClCompile>
    <ClCompile Include="tests\vector2\vector2_set_values.c">
      <Filter>tests\vector2</Filter>
    </ClCompile>
    <ClCompile Include="tests\vector3\vector3_reset.c">
      <Filter>tests\vector3</Filter>
    </ClCompile>
    <ClCompile Include="tests\vector3\vector3_set_values.c">
      <Filter>tests\vector3</Filter>
    </ClCompile>
    <ClCompile Include="tests\vector2\vector2_copy.c">
      <Filter>tests\vector2</Filter>
    </ClCompile>
    <ClCompile Include="tests\vector2\vector2_swap.c">
      <Filter>tests\vector2</Filter>
    </ClCompile>
    <ClCompile Include="tests\vector3\vector3_copy.c">
      <Filter>tests\vector3</Filter>
    </ClCompile>
    <ClCompile Include="tests\vector3\vector3_swap.c">
      <Filter>tests\vector3</Filter>
    </ClCompile>
    <ClCompile Include="tests\versor\versor_copy.c">
      <Filter>tests\versor</Filter>
    </ClCompile>
    <ClCompile Include="tests\versor\versor_swap.c">
      <Filter>tests\versor</Filter>
    </ClCompile>
    <ClCompile Include="tests\quaternion\quaternion_copy.c">
      <Filter>tests\quaternion</Filter>
    </ClCompile>
    <ClCompile Include="tests\quaternion\quaternion_reset.c">
      <Filter>tests\quaternion</Filter>
    </ClCompile>
    <ClCompile Include="tests\quaternion\quaternion_set_values.c">
      <Filter>tests\quaternion</Filter>
    </ClCompile>
    <ClCompile Include="tests\quaternion\quaternion_swap.c">
      <Filter>tests\quaternion</Filter>
    </ClCompile>
    <ClCompile Include="tests\quaternion.c">
      <Filter>tests</Filter>
    </ClCompile>
    <ClCompile Include="tests\quaternion\quaternion_set_to_identity.c">
      <Filter>tests\quaternion</Filter>
    </ClCompile>
    <ClCompile Include="tests\vector3\vector3_is_zero.c">
      <Filter>tests\vector3</Filter>
    </ClCompile>
    <ClCompile Include="tests\vector2\vector2_is_zero.c">
      <Filter>tests\vector2</Filter>
    </ClCompile>
    <ClCompile Include="tests\quaternion\quaternion_is_zero.c">
      <Filter>tests\quaternion</Filter>
    </ClCompile>
    <ClCompile Include="tests\quaternion\quaternion_is_unit.c">
      <Filter>tests\quaternion</Filter>
    </ClCompile>
    <ClCompile Include="tests\vector3\vector3_is_unit.c">
      <Filter>tests\vector3</Filter>
    </ClCompile>
    <ClCompile Include="tests\vector2\vector2_is_unit.c">
      <Filter>tests\vector2</Filter>
    </ClCompile>
    <ClCompile Include="tests\versor\versor_is_identity.c">
      <Filter>tests\versor</Filter>
    </ClCompile>
  </ItemGroup>
  <ItemGroup>
    <ClInclude Include="helpers.h" />
    <ClInclude Include="tests\utilities.h">
      <Filter>tests</Filter>
    </ClInclude>
    <ClInclude Include="tests\vector2.h">
      <Filter>tests</Filter>
    </ClInclude>
    <ClInclude Include="tests\vector3.h">
      <Filter>tests</Filter>
    </ClInclude>
    <ClInclude Include="tests\versor.h">
      <Filter>tests</Filter>
    </ClInclude>
    <ClInclude Include="tests\utilities\is_zero.h">
      <Filter>tests\utilities</Filter>
    </ClInclude>
    <ClInclude Include="tests\utilities\is_unit.h">
      <Filter>tests\utilities</Filter>
    </ClInclude>
    <ClInclude Include="tests\utilities\are_close.h">
      <Filter>tests\utilities</Filter>
    </ClInclude>
    <ClInclude Include="tests\versor\versor_are_close.h">
      <Filter>tests\versor</Filter>
    </ClInclude>
    <ClInclude Include="tests\versor\versor_set_values.h">
      <Filter>tests\versor</Filter>
    </ClInclude>
    <ClInclude Include="tests\versor\versor_combine.h">
      <Filter>tests\versor</Filter>
    </ClInclude>
    <ClInclude Include="tests\versor\versor_reset.h">
      <Filter>tests\versor</Filter>
    </ClInclude>
    <ClInclude Include="tests\vector2\vector2_reset.h">
      <Filter>tests\vector2</Filter>
    </ClInclude>
    <ClInclude Include="tests\vector2\vector2_set_values.h">
      <Filter>tests\vector2</Filter>
    </ClInclude>
    <ClInclude Include="tests\vector3\vector3_reset.h">
      <Filter>tests\vector3</Filter>
    </ClInclude>
    <ClInclude Include="tests\vector3\vector3_set_values.h">
      <Filter>tests\vector3</Filter>
    </ClInclude>
    <ClInclude Include="tests\vector2\vector2_copy.h">
      <Filter>tests\vector2</Filter>
    </ClInclude>
    <ClInclude Include="tests\vector2\vector2_swap.h">
      <Filter>tests\vector2</Filter>
    </ClInclude>
    <ClInclude Include="tests\vector3\vector3_copy.h">
      <Filter>tests\vector3</Filter>
    </ClInclude>
    <ClInclude Include="tests\vector3\vector3_swap.h">
      <Filter>tests\vector3</Filter>
    </ClInclude>
    <ClInclude Include="tests\versor\versor_copy.h">
      <Filter>tests\versor</Filter>
    </ClInclude>
    <ClInclude Include="tests\versor\versor_swap.h">
      <Filter>tests\versor</Filter>
    </ClInclude>
    <ClInclude Include="tests\quaternion\quaternion_copy.h">
      <Filter>tests\quaternion</Filter>
    </ClInclude>
    <ClInclude Include="tests\quaternion\quaternion_reset.h">
      <Filter>tests\quaternion</Filter>
    </ClInclude>
    <ClInclude Include="tests\quaternion\quaternion_set_values.h">
      <Filter>tests\quaternion</Filter>
    </ClInclude>
    <ClInclude Include="tests\quaternion\quaternion_swap.h">
      <Filter>tests\quaternion</Filter>
    </ClInclude>
    <ClInclude Include="tests\quaternion.h">
      <Filter>tests</Filter>
    </ClInclude>
    <ClInclude Include="tests\quaternion\quaternion_set_to_identity.h">
      <Filter>tests\quaternion</Filter>
    </ClInclude>
    <ClInclude Include="tests\vector3\vector3_is_zero.h">
      <Filter>tests\vector3</Filter>
    </ClInclude>
    <ClInclude Include="tests\vector2\vector2_is_zero.h">
      <Filter>tests\vector2</Filter>
    </ClInclude>
    <ClInclude Include="tests\quaternion\quaternion_is_zero.h">
      <Filter>tests\quaternion</Filter>
    </ClInclude>
    <ClInclude Include="tests\quaternion\quaternion_is_unit.h">
      <Filter>tests\quaternion</Filter>
    </ClInclude>
    <ClInclude Include="tests\vector3\vector3_is_unit.h">
      <Filter>tests\vector3</Filter>
    </ClInclude>
    <ClInclude Include="tests\vector2\vector2_is_unit.h">
      <Filter>tests\vector2</Filter>
    </ClInclude>
    <ClInclude Include="tests\versor\versor_is_identity.h">
      <Filter>tests\versor</Filter>
    </ClInclude>
  </ItemGroup>
  <ItemGroup>
    <Filter Include="tests">
      <UniqueIdentifier>{10db9024-67b8-4555-80a9-48b54ae0dec9}</UniqueIdentifier>
    </Filter>
    <Filter Include="tests\utilities">
      <UniqueIdentifier>{392bc542-f334-4132-a22b-b5b440c77897}</UniqueIdentifier>
    </Filter>
    <Filter Include="tests\vector2">
      <UniqueIdentifier>{d9f520e0-1b2d-4379-8887-1b5728763129}</UniqueIdentifier>
    </Filter>
    <Filter Include="tests\vector3">
      <UniqueIdentifier>{dbf2eefa-8f1f-4447-b3d4-d17dee049580}</UniqueIdentifier>
    </Filter>
    <Filter Include="tests\versor">
      <UniqueIdentifier>{d6f82407-8310-4b32-b153-aa67e766c72a}</UniqueIdentifier>
    </Filter>
    <Filter Include="tests\quaternion">
      <UniqueIdentifier>{e8bafdb8-66e5-4393-bc89-8bff83bcccd6}</UniqueIdentifier>
    </Filter>
  </ItemGroup>
</Project>